
Microsoft Visual Studio Solution File, Format Version 11.00
# Visual Studio 2010
Project("{FAE04EC0-301F-11D3-BF4B-00C04F79EFBC}") = "WCFTrafficControl.Contracts", "WCFTrafficControl.Contracts\WCFTrafficControl.Contracts.csproj", "{D91FEB21-1B9E-4D87-AFD6-9DDAE85825B5}"
EndProject
Project("{FAE04EC0-301F-11D3-BF4B-00C04F79EFBC}") = "WCFTrafficControl.Services", "WCFTrafficControl.Services\WCFTrafficControl.Services.csproj", "{D57FDAFC-CDB2-4366-A65E-F6586DF36F77}"
EndProject
Project("{FAE04EC0-301F-11D3-BF4B-00C04F79EFBC}") = "WCFTrafficControl.Host", "WCFTrafficControl.Host\WCFTrafficControl.Host.csproj", "{6139A6C9-A3DF-4901-89A5-1A38E44E12EC}"
EndProject
Project("{FAE04EC0-301F-11D3-BF4B-00C04F79EFBC}") = "WCFTrafficControl.CustomBindings", "WCFTrafficControl.CustomBindings\WCFTrafficControl.CustomBindings.csproj", "{6A5F9452-9264-464D-B1E3-8929F7B0011B}"
EndProject
Global
	GlobalSection(SolutionConfigurationPlatforms) = preSolution
		Debug|Any CPU = Debug|Any CPU
		Debug|Mixed Platforms = Debug|Mixed Platforms
		Debug|x86 = Debug|x86
		Release|Any CPU = Release|Any CPU
		Release|Mixed Platforms = Release|Mixed Platforms
		Release|x86 = Release|x86
	EndGlobalSection
	GlobalSection(ProjectConfigurationPlatforms) = postSolution
		{D91FEB21-1B9E-4D87-AFD6-9DDAE85825B5}.Debug|Any CPU.ActiveCfg = Debug|Any CPU
		{D91FEB21-1B9E-4D87-AFD6-9DDAE85825B5}.Debug|Any CPU.Build.0 = Debug|Any CPU
		{D91FEB21-1B9E-4D87-AFD6-9DDAE85825B5}.Debug|Mixed Platforms.ActiveCfg = Debug|Any CPU
		{D91FEB21-1B9E-4D87-AFD6-9DDAE85825B5}.Debug|Mixed Platforms.Build.0 = Debug|Any CPU
		{D91FEB21-1B9E-4D87-AFD6-9DDAE85825B5}.Debug|x86.ActiveCfg = Debug|Any CPU
		{D91FEB21-1B9E-4D87-AFD6-9DDAE85825B5}.Release|Any CPU.ActiveCfg = Release|Any CPU
		{D91FEB21-1B9E-4D87-AFD6-9DDAE85825B5}.Release|Any CPU.Build.0 = Release|Any CPU
		{D91FEB21-1B9E-4D87-AFD6-9DDAE85825B5}.Release|Mixed Platforms.ActiveCfg = Release|Any CPU
		{D91FEB21-1B9E-4D87-AFD6-9DDAE85825B5}.Release|Mixed Platforms.Build.0 = Release|Any CPU
		{D91FEB21-1B9E-4D87-AFD6-9DDAE85825B5}.Release|x86.ActiveCfg = Release|Any CPU
		{D57FDAFC-CDB2-4366-A65E-F6586DF36F77}.Debug|Any CPU.ActiveCfg = Debug|Any CPU
		{D57FDAFC-CDB2-4366-A65E-F6586DF36F77}.Debug|Any CPU.Build.0 = Debug|Any CPU
		{D57FDAFC-CDB2-4366-A65E-F6586DF36F77}.Debug|Mixed Platforms.ActiveCfg = Debug|Any CPU
		{D57FDAFC-CDB2-4366-A65E-F6586DF36F77}.Debug|Mixed Platforms.Build.0 = Debug|Any CPU
		{D57FDAFC-CDB2-4366-A65E-F6586DF36F77}.Debug|x86.ActiveCfg = Debug|Any CPU
		{D57FDAFC-CDB2-4366-A65E-F6586DF36F77}.Release|Any CPU.ActiveCfg = Release|Any CPU
		{D57FDAFC-CDB2-4366-A65E-F6586DF36F77}.Release|Any CPU.Build.0 = Release|Any CPU
		{D57FDAFC-CDB2-4366-A65E-F6586DF36F77}.Release|Mixed Platforms.ActiveCfg = Release|Any CPU
		{D57FDAFC-CDB2-4366-A65E-F6586DF36F77}.Release|Mixed Platforms.Build.0 = Release|Any CPU
		{D57FDAFC-CDB2-4366-A65E-F6586DF36F77}.Release|x86.ActiveCfg = Release|Any CPU
		{6139A6C9-A3DF-4901-89A5-1A38E44E12EC}.Debug|Any CPU.ActiveCfg = Debug|x86
		{6139A6C9-A3DF-4901-89A5-1A38E44E12EC}.Debug|Mixed Platforms.ActiveCfg = Debug|x86
		{6139A6C9-A3DF-4901-89A5-1A38E44E12EC}.Debug|Mixed Platforms.Build.0 = Debug|x86
		{6139A6C9-A3DF-4901-89A5-1A38E44E12EC}.Debug|x86.ActiveCfg = Debug|x86
		{6139A6C9-A3DF-4901-89A5-1A38E44E12EC}.Debug|x86.Build.0 = Debug|x86
		{6139A6C9-A3DF-4901-89A5-1A38E44E12EC}.Release|Any CPU.ActiveCfg = Release|x86
		{6139A6C9-A3DF-4901-89A5-1A38E44E12EC}.Release|Mixed Platforms.ActiveCfg = Release|x86
		{6139A6C9-A3DF-4901-89A5-1A38E44E12EC}.Release|Mixed Platforms.Build.0 = Release|x86
		{6139A6C9-A3DF-4901-89A5-1A38E44E12EC}.Release|x86.ActiveCfg = Release|x86
		{6139A6C9-A3DF-4901-89A5-1A38E44E12EC}.Release|x86.Build.0 = Release|x86
		{6A5F9452-9264-464D-B1E3-8929F7B0011B}.Debug|Any CPU.ActiveCfg = Debug|x86
		{6A5F9452-9264-464D-B1E3-8929F7B0011B}.Debug|Mixed Platforms.ActiveCfg = Debug|x86
		{6A5F9452-9264-464D-B1E3-8929F7B0011B}.Debug|Mixed Platforms.Build.0 = Debug|x86
		{6A5F9452-9264-464D-B1E3-8929F7B0011B}.Debug|x86.ActiveCfg = Debug|x86
		{6A5F9452-9264-464D-B1E3-8929F7B0011B}.Debug|x86.Build.0 = Debug|x86
		{6A5F9452-9264-464D-B1E3-8929F7B0011B}.Release|Any CPU.ActiveCfg = Release|x86
		{6A5F9452-9264-464D-B1E3-8929F7B0011B}.Release|Mixed Platforms.ActiveCfg = Release|x86
		{6A5F9452-9264-464D-B1E3-8929F7B0011B}.Release|Mixed Platforms.Build.0 = Release|x86
		{6A5F9452-9264-464D-B1E3-8929F7B0011B}.Release|x86.ActiveCfg = Release|x86
		{6A5F9452-9264-464D-B1E3-8929F7B0011B}.Release|x86.Build.0 = Release|x86
	EndGlobalSection
	GlobalSection(SolutionProperties) = preSolution
		HideSolutionNode = FALSE
	EndGlobalSection
EndGlobal
